// !$*UTF8*$!
{
	archiveVersion = 1;
	classes = {
	};
	objectVersion = 50;
	objects = {

/* Begin PBXBuildFile section */
		C62F547A228E612B009710CE /* AppDelegate.swift in Sources */ = {isa = PBXBuildFile; fileRef = C62F5479228E612B009710CE /* AppDelegate.swift */; };
		C62F547C228E612B009710CE /* ViewController.swift in Sources */ = {isa = PBXBuildFile; fileRef = C62F547B228E612B009710CE /* ViewController.swift */; };
		C62F547F228E612B009710CE /* Main.storyboard in Resources */ = {isa = PBXBuildFile; fileRef = C62F547D228E612B009710CE /* Main.storyboard */; };
		C62F5481228E612C009710CE /* Assets.xcassets in Resources */ = {isa = PBXBuildFile; fileRef = C62F5480228E612C009710CE /* Assets.xcassets */; };
		C62F5484228E612C009710CE /* LaunchScreen.storyboard in Resources */ = {isa = PBXBuildFile; fileRef = C62F5482228E612C009710CE /* LaunchScreen.storyboard */; };
		C62F548F228E612C009710CE /* MyAppTests.swift in Sources */ = {isa = PBXBuildFile; fileRef = C62F548E228E612C009710CE /* MyAppTests.swift */; };
		C62F549E228E622E009710CE /* MyMath.swift in Sources */ = {isa = PBXBuildFile; fileRef = C62F549D228E622E009710CE /* MyMath.swift */; };
/* End PBXBuildFile section */

/* Begin PBXContainerItemProxy section */
		C62F548B228E612C009710CE /* PBXContainerItemProxy */ = {
			isa = PBXContainerItemProxy;
			containerPortal = C62F546E228E612B009710CE /* Project object */;
			proxyType = 1;
			remoteGlobalIDString = C62F5475228E612B009710CE;
			remoteInfo = MyApp;
		};
/* End PBXContainerItemProxy section */

/* Begin PBXFileReference section */
		C62F5476228E612B009710CE /* MyApp.app */ = {isa = PBXFileReference; explicitFileType = wrapper.application; includeInIndex = 0; path = MyApp.app; sourceTree = BUILT_PRODUCTS_DIR; };
		C62F5479228E612B009710CE /* AppDelegate.swift */ = {isa = PBXFileReference; lastKnownFileType = sourcecode.swift; path = AppDelegate.swift; sourceTree = "<group>"; };
		C62F547B228E612B009710CE /* ViewController.swift */ = {isa = PBXFileReference; lastKnownFileType = sourcecode.swift; path = ViewController.swift; sourceTree = "<group>"; };
		C62F547E228E612B009710CE /* Base */ = {isa = PBXFileReference; lastKnownFileType = file.storyboard; name = Base; path = Base.lproj/Main.storyboard; sourceTree = "<group>"; };
		C62F5480228E612C009710CE /* Assets.xcassets */ = {isa = PBXFileReference; lastKnownFileType = folder.assetcatalog; path = Assets.xcassets; sourceTree = "<group>"; };
		C62F5483228E612C009710CE /* Base */ = {isa = PBXFileReference; lastKnownFileType = file.storyboard; name = Base; path = Base.lproj/LaunchScreen.storyboard; sourceTree = "<group>"; };
		C62F5485228E612C009710CE /* Info.plist */ = {isa = PBXFileReference; lastKnownFileType = text.plist.xml; path = Info.plist; sourceTree = "<group>"; };
		C62F548A228E612C009710CE /* MyAppTests.xctest */ = {isa = PBXFileReference; explicitFileType = wrapper.cfbundle; includeInIndex = 0; path = MyAppTests.xctest; sourceTree = BUILT_PRODUCTS_DIR; };
		C62F548E228E612C009710CE /* MyAppTests.swift */ = {isa = PBXFileReference; lastKnownFileType = sourcecode.swift; path = MyAppTests.swift; sourceTree = "<group>"; };
		C62F5490228E612C009710CE /* Info.plist */ = {isa = PBXFileReference; lastKnownFileType = text.plist.xml; path = Info.plist; sourceTree = "<group>"; };
		C62F549D228E622E009710CE /* MyMath.swift */ = {isa = PBXFileReference; lastKnownFileType = sourcecode.swift; path = MyMath.swift; sourceTree = "<group>"; };
/* End PBXFileReference section */

/* Begin PBXFrameworksBuildPhase section */
		C62F5473228E612B009710CE /* Frameworks */ = {
			isa = PBXFrameworksBuildPhase;
			buildActionMask = 2147483647;
			files = (
			);
			runOnlyForDeploymentPostprocessing = 0;
		};
		C62F5487228E612C009710CE /* Frameworks */ = {
			isa = PBXFrameworksBuildPhase;
			buildActionMask = 2147483647;
			files = (
			);
			runOnlyForDeploymentPostprocessing = 0;
		};
/* End PBXFrameworksBuildPhase section */

/* Begin PBXGroup section */
		C62F546D228E612B009710CE = {
			isa = PBXGroup;
			children = (
				C62F5478228E612B009710CE /* MyApp */,
				C62F548D228E612C009710CE /* MyAppTests */,
				C62F5477228E612B009710CE /* Products */,
			);
			sourceTree = "<group>";
		};
		C62F5477228E612B009710CE /* Products */ = {
			isa = PBXGroup;
			children = (
				C62F5476228E612B009710CE /* MyApp.app */,
				C62F548A228E612C009710CE /* MyAppTests.xctest */,
			);
			name = Products;
			sourceTree = "<group>";
		};
		C62F5478228E612B009710CE /* MyApp */ = {
			isa = PBXGroup;
			children = (
				C62F5479228E612B009710CE /* AppDelegate.swift */,
				C62F5499228E6133009710CE /* ViewControllers */,
				C62F549A228E6143009710CE /* Stroyboards */,
				C62F549C228E616D009710CE /* Resources */,
				C62F549B228E6153009710CE /* SupportFiles */,
			);
			path = MyApp;
			sourceTree = "<group>";
		};
		C62F548D228E612C009710CE /* MyAppTests */ = {
			isa = PBXGroup;
			children = (
				C62F548E228E612C009710CE /* MyAppTests.swift */,
				C62F5490228E612C009710CE /* Info.plist */,
			);
			path = MyAppTests;
			sourceTree = "<group>";
		};
		C62F5499228E6133009710CE /* ViewControllers */ = {
			isa = PBXGroup;
			children = (
				C62F547B228E612B009710CE /* ViewController.swift */,
				C62F549D228E622E009710CE /* MyMath.swift */,
			);
			path = ViewControllers;
			sourceTree = "<group>";
		};
		C62F549A228E6143009710CE /* Stroyboards */ = {
			isa = PBXGroup;
			children = (
				C62F5482228E612C009710CE /* LaunchScreen.storyboard */,
				C62F547D228E612B009710CE /* Main.storyboard */,
			);
			path = Stroyboards;
			sourceTree = "<group>";
		};
		C62F549B228E6153009710CE /* SupportFiles */ = {
			isa = PBXGroup;
			children = (
				C62F5485228E612C009710CE /* Info.plist */,
			);
			path = SupportFiles;
			sourceTree = "<group>";
		};
		C62F549C228E616D009710CE /* Resources */ = {
			isa = PBXGroup;
			children = (
				C62F5480228E612C009710CE /* Assets.xcassets */,
			);
			path = Resources;
			sourceTree = "<group>";
		};
/* End PBXGroup section */

/* Begin PBXNativeTarget section */
		C62F5475228E612B009710CE /* MyApp */ = {
			isa = PBXNativeTarget;
			buildConfigurationList = C62F5493228E612C009710CE /* Build configuration list for PBXNativeTarget "MyApp" */;
			buildPhases = (
				C62F5472228E612B009710CE /* Sources */,
				C62F5473228E612B009710CE /* Frameworks */,
				C62F5474228E612B009710CE /* Resources */,
			);
			buildRules = (
			);
			dependencies = (
			);
			name = MyApp;
			productName = MyApp;
			productReference = C62F5476228E612B009710CE /* MyApp.app */;
			productType = "com.apple.product-type.application";
		};
		C62F5489228E612C009710CE /* MyAppTests */ = {
			isa = PBXNativeTarget;
			buildConfigurationList = C62F5496228E612C009710CE /* Build configuration list for PBXNativeTarget "MyAppTests" */;
			buildPhases = (
				C62F5486228E612C009710CE /* Sources */,
				C62F5487228E612C009710CE /* Frameworks */,
				C62F5488228E612C009710CE /* Resources */,
			);
			buildRules = (
			);
			dependencies = (
				C62F548C228E612C009710CE /* PBXTargetDependency */,
			);
			name = MyAppTests;
			productName = MyAppTests;
			productReference = C62F548A228E612C009710CE /* MyAppTests.xctest */;
			productType = "com.apple.product-type.bundle.unit-test";
		};
/* End PBXNativeTarget section */

/* Begin PBXProject section */
		C62F546E228E612B009710CE /* Project object */ = {
			isa = PBXProject;
			attributes = {
				LastSwiftUpdateCheck = 1020;
				LastUpgradeCheck = 1020;
				ORGANIZATIONNAME = abedalkareem;
				TargetAttributes = {
					C62F5475228E612B009710CE = {
						CreatedOnToolsVersion = 10.2.1;
					};
					C62F5489228E612C009710CE = {
						CreatedOnToolsVersion = 10.2.1;
						TestTargetID = C62F5475228E612B009710CE;
					};
				};
			};
			buildConfigurationList = C62F5471228E612B009710CE /* Build configuration list for PBXProject "MyApp" */;
			compatibilityVersion = "Xcode 9.3";
			developmentRegion = en;
			hasScannedForEncodings = 0;
			knownRegions = (
				en,
				Base,
			);
			mainGroup = C62F546D228E612B009710CE;
			productRefGroup = C62F5477228E612B009710CE /* Products */;
			projectDirPath = "";
			projectRoot = "";
			targets = (
				C62F5475228E612B009710CE /* MyApp */,
				C62F5489228E612C009710CE /* MyAppTests */,
			);
		};
/* End PBXProject section */

/* Begin PBXResourcesBuildPhase section */
		C62F5474228E612B009710CE /* Resources */ = {
			isa = PBXResourcesBuildPhase;
			buildActionMask = 2147483647;
			files = (
				C62F5484228E612C009710CE /* LaunchScreen.storyboard in Resources */,
				C62F5481228E612C009710CE /* Assets.xcassets in Resources */,
				C62F547F228E612B009710CE /* Main.storyboard in Resources */,
			);
			runOnlyForDeploymentPostprocessing = 0;
		};
		C62F5488228E612C009710CE /* Resources */ = {
			isa = PBXResourcesBuildPhase;
			buildActionMask = 2147483647;
			files = (
			);
			runOnlyForDeploymentPostprocessing = 0;
		};
/* End PBXResourcesBuildPhase section */

/* Begin PBXSourcesBuildPhase section */
		C62F5472228E612B009710CE /* Sources */ = {
			isa = PBXSourcesBuildPhase;
			buildActionMask = 2147483647;
			files = (
				C62F547C228E612B009710CE /* ViewController.swift in Sources */,
				C62F547A228E612B009710CE /* AppDelegate.swift in Sources */,
				C62F549E228E622E009710CE /* MyMath.swift in Sources */,
			);
			runOnlyForDeploymentPostprocessing = 0;
		};
		C62F5486228E612C009710CE /* Sources */ = {
			isa = PBXSourcesBuildPhase;
			buildActionMask = 2147483647;
			files = (
				C62F548F228E612C009710CE /* MyAppTests.swift in Sources */,
			);
			runOnlyForDeploymentPostprocessing = 0;
		};
/* End PBXSourcesBuildPhase section */

/* Begin PBXTargetDependency section */
		C62F548C228E612C009710CE /* PBXTargetDependency */ = {
			isa = PBXTargetDependency;
			target = C62F5475228E612B009710CE /* MyApp */;
			targetProxy = C62F548B228E612C009710CE /* PBXContainerItemProxy */;
		};
/* End PBXTargetDependency section */

/* Begin PBXVariantGroup section */
		C62F547D228E612B009710CE /* Main.storyboard */ = {
			isa = PBXVariantGroup;
			children = (
				C62F547E228E612B009710CE /* Base */,
			);
			name = Main.storyboard;
			sourceTree = "<group>";
		};
		C62F5482228E612C009710CE /* LaunchScreen.storyboard */ = {
			isa = PBXVariantGroup;
			children = (
				C62F5483228E612C009710CE /* Base */,
			);
			name = LaunchScreen.storyboard;
			sourceTree = "<group>";
		};
/* End PBXVariantGroup section */

/* Begin XCBuildConfiguration section */
		C62F5491228E612C009710CE /* Debug */ = {
			isa = XCBuildConfiguration;
			buildSettings = {
				ALWAYS_SEARCH_USER_PATHS = NO;
				CLANG_ANALYZER_NONNULL = YES;
				CLANG_ANALYZER_NUMBER_OBJECT_CONVERSION = YES_AGGRESSIVE;
				CLANG_CXX_LANGUAGE_STANDARD = "gnu++14";
				CLANG_CXX_LIBRARY = "libc++";
				CLANG_ENABLE_MODULES = YES;
				CLANG_ENABLE_OBJC_ARC = YES;
				CLANG_ENABLE_OBJC_WEAK = YES;
				CLANG_WARN_BLOCK_CAPTURE_AUTORELEASING = YES;
				CLANG_WARN_BOOL_CONVERSION = YES;
				CLANG_WARN_COMMA = YES;
				CLANG_WARN_CONSTANT_CONVERSION = YES;
				CLANG_WARN_DEPRECATED_OBJC_IMPLEMENTATIONS = YES;
				CLANG_WARN_DIRECT_OBJC_ISA_USAGE = YES_ERROR;
				CLANG_WARN_DOCUMENTATION_COMMENTS = YES;
				CLANG_WARN_EMPTY_BODY = YES;
				CLANG_WARN_ENUM_CONVERSION = YES;
				CLANG_WARN_INFINITE_RECURSION = YES;
				CLANG_WARN_INT_CONVERSION = YES;
				CLANG_WARN_NON_LITERAL_NULL_CONVERSION = YES;
				CLANG_WARN_OBJC_IMPLICIT_RETAIN_SELF = YES;
				CLANG_WARN_OBJC_LITERAL_CONVERSION = YES;
				CLANG_WARN_OBJC_ROOT_CLASS = YES_ERROR;
				CLANG_WARN_RANGE_LOOP_ANALYSIS = YES;
				CLANG_WARN_STRICT_PROTOTYPES = YES;
				CLANG_WARN_SUSPICIOUS_MOVE = YES;
				CLANG_WARN_UNGUARDED_AVAILABILITY = YES_AGGRESSIVE;
				CLANG_WARN_UNREACHABLE_CODE = YES;
				CLANG_WARN__DUPLICATE_METHOD_MATCH = YES;
				CODE_SIGN_IDENTITY = "iPhone Developer";
				COPY_PHASE_STRIP = NO;
				DEBUG_INFORMATION_FORMAT = dwarf;
				ENABLE_STRICT_OBJC_MSGSEND = YES;
				ENABLE_TESTABILITY = YES;
				GCC_C_LANGUAGE_STANDARD = gnu11;
				GCC_DYNAMIC_NO_PIC = NO;
				GCC_NO_COMMON_BLOCKS = YES;
				GCC_OPTIMIZATION_LEVEL = 0;
				GCC_PREPROCESSOR_DEFINITIONS = (
					"DEBUG=1",
					"$(inherited)",
				);
				GCC_WARN_64_TO_32_BIT_CONVERSION = YES;
				GCC_WARN_ABOUT_RETURN_TYPE = YES_ERROR;
				GCC_WARN_UNDECLARED_SELECTOR = YES;
				GCC_WARN_UNINITIALIZED_AUTOS = YES_AGGRESSIVE;
				GCC_WARN_UNUSED_FUNCTION = YES;
				GCC_WARN_UNUSED_VARIABLE = YES;
				IPHONEOS_DEPLOYMENT_TARGET = 12.2;
				MTL_ENABLE_DEBUG_INFO = INCLUDE_SOURCE;
				MTL_FAST_MATH = YES;
				ONLY_ACTIVE_ARCH = YES;
				SDKROOT = iphoneos;
				SWIFT_ACTIVE_COMPILATION_CONDITIONS = DEBUG;
				SWIFT_OPTIMIZATION_LEVEL = "-Onone";
			};
			name = Debug;
		};
		C62F5492228E612C009710CE /* Release */ = {
			isa = XCBuildConfiguration;
			buildSettings = {
				ALWAYS_SEARCH_USER_PATHS = NO;
				CLANG_ANALYZER_NONNULL = YES;
				CLANG_ANALYZER_NUMBER_OBJECT_CONVERSION = YES_AGGRESSIVE;
				CLANG_CXX_LANGUAGE_STANDARD = "gnu++14";
				CLANG_CXX_LIBRARY = "libc++";
				CLANG_ENABLE_MODULES = YES;
				CLANG_ENABLE_OBJC_ARC = YES;
				CLANG_ENABLE_OBJC_WEAK = YES;
				CLANG_WARN_BLOCK_CAPTURE_AUTORELEASING = YES;
				CLANG_WARN_BOOL_CONVERSION = YES;
				CLANG_WARN_COMMA = YES;
				CLANG_WARN_CONSTANT_CONVERSION = YES;
				CLANG_WARN_DEPRECATED_OBJC_IMPLEMENTATIONS = YES;
				CLANG_WARN_DIRECT_OBJC_ISA_USAGE = YES_ERROR;
				CLANG_WARN_DOCUMENTATION_COMMENTS = YES;
				CLANG_WARN_EMPTY_BODY = YES;
				CLANG_WARN_ENUM_CONVERSION = YES;
				CLANG_WARN_INFINITE_RECURSION = YES;
				CLANG_WARN_INT_CONVERSION = YES;
				CLANG_WARN_NON_LITERAL_NULL_CONVERSION = YES;
				CLANG_WARN_OBJC_IMPLICIT_RETAIN_SELF = YES;
				CLANG_WARN_OBJC_LITERAL_CONVERSION = YES;
				CLANG_WARN_OBJC_ROOT_CLASS = YES_ERROR;
				CLANG_WARN_RANGE_LOOP_ANALYSIS = YES;
				CLANG_WARN_STRICT_PROTOTYPES = YES;
				CLANG_WARN_SUSPICIOUS_MOVE = YES;
				CLANG_WARN_UNGUARDED_AVAILABILITY = YES_AGGRESSIVE;
				CLANG_WARN_UNREACHABLE_CODE = YES;
				CLANG_WARN__DUPLICATE_METHOD_MATCH = YES;
				CODE_SIGN_IDENTITY = "iPhone Developer";
				COPY_PHASE_STRIP = NO;
				DEBUG_INFORMATION_FORMAT = "dwarf-with-dsym";
				ENABLE_NS_ASSERTIONS = NO;
				ENABLE_STRICT_OBJC_MSGSEND = YES;
				GCC_C_LANGUAGE_STANDARD = gnu11;
				GCC_NO_COMMON_BLOCKS = YES;
				GCC_WARN_64_TO_32_BIT_CONVERSION = YES;
				GCC_WARN_ABOUT_RETURN_TYPE = YES_ERROR;
				GCC_WARN_UNDECLARED_SELECTOR = YES;
				GCC_WARN_UNINITIALIZED_AUTOS = YES_AGGRESSIVE;
				GCC_WARN_UNUSED_FUNCTION = YES;
				GCC_WARN_UNUSED_VARIABLE = YES;
				IPHONEOS_DEPLOYMENT_TARGET = 12.2;
				MTL_ENABLE_DEBUG_INFO = NO;
				MTL_FAST_MATH = YES;
				SDKROOT = iphoneos;
				SWIFT_COMPILATION_MODE = wholemodule;
				SWIFT_OPTIMIZATION_LEVEL = "-O";
				VALIDATE_PRODUCT = YES;
			};
			name = Release;
		};
		C62F5494228E612C009710CE /* Debug */ = {
			isa = XCBuildConfiguration;
			buildSettings = {
				ASSETCATALOG_COMPILER_APPICON_NAME = AppIcon;
				CODE_SIGN_STYLE = Automatic;
				CURRENT_PROJECT_VERSION = 2;
				INFOPLIST_FILE = "$(SRCROOT)/MyApp/SupportFiles/Info.plist";
				LD_RUNPATH_SEARCH_PATHS = (
					"$(inherited)",
					"@executable_path/Frameworks",
				);
				MARKETING_VERSION = 1.0.1;
				PRODUCT_BUNDLE_IDENTIFIER = abedalkareem.MyApp;
				PRODUCT_NAME = "$(TARGET_NAME)";
				SWIFT_VERSION = 5.0;
				TARGETED_DEVICE_FAMILY = "1,2";
			};
			name = Debug;
		};
		C62F5495228E612C009710CE /* Release */ = {
			isa = XCBuildConfiguration;
			buildSettings = {
				ASSETCATALOG_COMPILER_APPICON_NAME = AppIcon;
				CODE_SIGN_STYLE = Automatic;
				CURRENT_PROJECT_VERSION = 2;
				INFOPLIST_FILE = "$(SRCROOT)/MyApp/SupportFiles/Info.plist";
				LD_RUNPATH_SEARCH_PATHS = (
					"$(inherited)",
					"@executable_path/Frameworks",
				);
				MARKETING_VERSION = 1.0.1;
				PRODUCT_BUNDLE_IDENTIFIER = abedalkareem.MyApp;
				PRODUCT_NAME = "$(TARGET_NAME)";
				SWIFT_VERSION = 5.0;
				TARGETED_DEVICE_FAMILY = "1,2";
			};
			name = Release;
		};
		C62F5497228E612C009710CE /* Debug */ = {
			isa = XCBuildConfiguration;
			buildSettings = {
				ALWAYS_EMBED_SWIFT_STANDARD_LIBRARIES = YES;
				BUNDLE_LOADER = "$(TEST_HOST)";
				CODE_SIGN_STYLE = Automatic;
				INFOPLIST_FILE = MyAppTests/Info.plist;
				LD_RUNPATH_SEARCH_PATHS = (
					"$(inherited)",
					"@executable_path/Frameworks",
					"@loader_path/Frameworks",
				);
				PRODUCT_BUNDLE_IDENTIFIER = abedalkareem.MyAppTests;
				PRODUCT_NAME = "$(TARGET_NAME)";
				SWIFT_VERSION = 5.0;
				TARGETED_DEVICE_FAMILY = "1,2";
				TEST_HOST = "$(BUILT_PRODUCTS_DIR)/MyApp.app/MyApp";
			};
			name = Debug;
		};
		C62F5498228E612C009710CE /* Release */ = {
			isa = XCBuildConfiguration;
			buildSettings = {
				ALWAYS_EMBED_SWIFT_STANDARD_LIBRARIES = YES;
				BUNDLE_LOADER = "$(TEST_HOST)";
				CODE_SIGN_STYLE = Automatic;
				INFOPLIST_FILE = MyAppTests/Info.plist;
				LD_RUNPATH_SEARCH_PATHS = (
					"$(inherited)",
					"@executable_path/Frameworks",
					"@loader_path/Frameworks",
				);
				PRODUCT_BUNDLE_IDENTIFIER = abedalkareem.MyAppTests;
				PRODUCT_NAME = "$(TARGET_NAME)";
				SWIFT_VERSION = 5.0;
				TARGETED_DEVICE_FAMILY = "1,2";
				TEST_HOST = "$(BUILT_PRODUCTS_DIR)/MyApp.app/MyApp";
			};
			name = Release;
		};
/* End XCBuildConfiguration section */

/* Begin XCConfigurationList section */
		C62F5471228E612B009710CE /* Build configuration list for PBXProject "MyApp" */ = {
			isa = XCConfigurationList;
			buildConfigurations = (
				C62F5491228E612C009710CE /* Debug */,
				C62F5492228E612C009710CE /* Release */,
			);
			defaultConfigurationIsVisible = 0;
			defaultConfigurationName = Release;
		};
		C62F5493228E612C009710CE /* Build configuration list for PBXNativeTarget "MyApp" */ = {
			isa = XCConfigurationList;
			buildConfigurations = (
				C62F5494228E612C009710CE /* Debug */,
				C62F5495228E612C009710CE /* Release */,
			);
			defaultConfigurationIsVisible = 0;
			defaultConfigurationName = Release;
		};
		C62F5496228E612C009710CE /* Build configuration list for PBXNativeTarget "MyAppTests" */ = {
			isa = XCConfigurationList;
			buildConfigurations = (
				C62F5497228E612C009710CE /* Debug */,
				C62F5498228E612C009710CE /* Release */,
			);
			defaultConfigurationIsVisible = 0;
			defaultConfigurationName = Release;
		};
/* End XCConfigurationList section */
	};
	rootObject = C62F546E228E612B009710CE /* Project object */;
}
